// !$*UTF8*$!
{
	archiveVersion = 1;
	classes = {
	};
	objectVersion = 50;
	objects = {

/* Begin PBXBuildFile section */
		0376377B235EE0D9003EB5EA /* pkt_decoder.h in Headers */ = {isa = PBXBuildFile; fileRef = 03763779235EE0D9003EB5EA /* pkt_decoder.h */; };
		0376377C235EE0D9003EB5EA /* pkt_decoder.c in Sources */ = {isa = PBXBuildFile; fileRef = 0376377A235EE0D9003EB5EA /* pkt_decoder.c */; };
		03763784235EF0A9003EB5EA /* main.c in Sources */ = {isa = PBXBuildFile; fileRef = 03763783235EF0A9003EB5EA /* main.c */; };
		03763788235EFBF3003EB5EA /* pkt_decoder.c in Sources */ = {isa = PBXBuildFile; fileRef = 0376377A235EE0D9003EB5EA /* pkt_decoder.c */; };
/* End PBXBuildFile section */

/* Begin PBXCopyFilesBuildPhase section */
		0376377F235EF0A9003EB5EA /* CopyFiles */ = {
			isa = PBXCopyFilesBuildPhase;
			buildActionMask = 2147483647;
			dstPath = /usr/share/man/man1/;
			dstSubfolderSpec = 0;
			files = (
			);
			runOnlyForDeploymentPostprocessing = 1;
		};
/* End PBXCopyFilesBuildPhase section */

/* Begin PBXFileReference section */
		03763772235EE0B0003EB5EA /* libpkt_decoder.a */ = {isa = PBXFileReference; explicitFileType = archive.ar; includeInIndex = 0; path = libpkt_decoder.a; sourceTree = BUILT_PRODUCTS_DIR; };
		03763779235EE0D9003EB5EA /* pkt_decoder.h */ = {isa = PBXFileReference; lastKnownFileType = sourcecode.c.h; path = pkt_decoder.h; sourceTree = "<group>"; };
		0376377A235EE0D9003EB5EA /* pkt_decoder.c */ = {isa = PBXFileReference; lastKnownFileType = sourcecode.c.c; path = pkt_decoder.c; sourceTree = "<group>"; };
		03763781235EF0A9003EB5EA /* test_decoder */ = {isa = PBXFileReference; explicitFileType = "compiled.mach-o.executable"; includeInIndex = 0; path = test_decoder; sourceTree = BUILT_PRODUCTS_DIR; };
		03763783235EF0A9003EB5EA /* main.c */ = {isa = PBXFileReference; lastKnownFileType = sourcecode.c.c; path = main.c; sourceTree = "<group>"; };
/* End PBXFileReference section */

/* Begin PBXFrameworksBuildPhase section */
		0376376F235EE0B0003EB5EA /* Frameworks */ = {
			isa = PBXFrameworksBuildPhase;
			buildActionMask = 2147483647;
			files = (
			);
			runOnlyForDeploymentPostprocessing = 0;
		};
		0376377E235EF0A9003EB5EA /* Frameworks */ = {
			isa = PBXFrameworksBuildPhase;
			buildActionMask = 2147483647;
			files = (
			);
			runOnlyForDeploymentPostprocessing = 0;
		};
/* End PBXFrameworksBuildPhase section */

/* Begin PBXGroup section */
		03763769235EE0B0003EB5EA = {
			isa = PBXGroup;
			children = (
				03763779235EE0D9003EB5EA /* pkt_decoder.h */,
				0376377A235EE0D9003EB5EA /* pkt_decoder.c */,
				03763782235EF0A9003EB5EA /* test_decoder */,
				03763773235EE0B0003EB5EA /* Products */,
			);
			sourceTree = "<group>";
		};
		03763773235EE0B0003EB5EA /* Products */ = {
			isa = PBXGroup;
			children = (
				03763772235EE0B0003EB5EA /* libpkt_decoder.a */,
				03763781235EF0A9003EB5EA /* test_decoder */,
			);
			name = Products;
			sourceTree = "<group>";
		};
		03763782235EF0A9003EB5EA /* test_decoder */ = {
			isa = PBXGroup;
			children = (
				03763783235EF0A9003EB5EA /* main.c */,
			);
			path = test_decoder;
			sourceTree = "<group>";
		};
/* End PBXGroup section */

/* Begin PBXHeadersBuildPhase section */
		03763770235EE0B0003EB5EA /* Headers */ = {
			isa = PBXHeadersBuildPhase;
			buildActionMask = 2147483647;
			files = (
				0376377B235EE0D9003EB5EA /* pkt_decoder.h in Headers */,
			);
			runOnlyForDeploymentPostprocessing = 0;
		};
/* End PBXHeadersBuildPhase section */

/* Begin PBXNativeTarget section */
		03763771235EE0B0003EB5EA /* pkt_decoder */ = {
			isa = PBXNativeTarget;
			buildConfigurationList = 03763776235EE0B0003EB5EA /* Build configuration list for PBXNativeTarget "pkt_decoder" */;
			buildPhases = (
				0376376E235EE0B0003EB5EA /* Sources */,
				0376376F235EE0B0003EB5EA /* Frameworks */,
				03763770235EE0B0003EB5EA /* Headers */,
			);
			buildRules = (
			);
			dependencies = (
			);
			name = pkt_decoder;
			productName = pkt_decoder;
			productReference = 03763772235EE0B0003EB5EA /* libpkt_decoder.a */;
			productType = "com.apple.product-type.library.static";
		};
		03763780235EF0A9003EB5EA /* test_decoder */ = {
			isa = PBXNativeTarget;
			buildConfigurationList = 03763785235EF0A9003EB5EA /* Build configuration list for PBXNativeTarget "test_decoder" */;
			buildPhases = (
				0376377D235EF0A9003EB5EA /* Sources */,
				0376377E235EF0A9003EB5EA /* Frameworks */,
				0376377F235EF0A9003EB5EA /* CopyFiles */,
			);
			buildRules = (
			);
			dependencies = (
			);
			name = test_decoder;
			productName = test_decoder;
			productReference = 03763781235EF0A9003EB5EA /* test_decoder */;
			productType = "com.apple.product-type.tool";
		};
/* End PBXNativeTarget section */

/* Begin PBXProject section */
		0376376A235EE0B0003EB5EA /* Project object */ = {
			isa = PBXProject;
			attributes = {
				LastUpgradeCheck = 0940;
				ORGANIZATIONNAME = Nidhi;
				TargetAttributes = {
					03763771235EE0B0003EB5EA = {
						CreatedOnToolsVersion = 9.4.1;
					};
					03763780235EF0A9003EB5EA = {
						CreatedOnToolsVersion = 9.4.1;
					};
				};
			};
			buildConfigurationList = 0376376D235EE0B0003EB5EA /* Build configuration list for PBXProject "pkt_decoder" */;
			compatibilityVersion = "Xcode 9.3";
			developmentRegion = en;
			hasScannedForEncodings = 0;
			knownRegions = (
				en,
			);
			mainGroup = 03763769235EE0B0003EB5EA;
			productRefGroup = 03763773235EE0B0003EB5EA /* Products */;
			projectDirPath = "";
			projectRoot = "";
			targets = (
				03763771235EE0B0003EB5EA /* pkt_decoder */,
				03763780235EF0A9003EB5EA /* test_decoder */,
			);
		};
/* End PBXProject section */

/* Begin PBXSourcesBuildPhase section */
		0376376E235EE0B0003EB5EA /* Sources */ = {
			isa = PBXSourcesBuildPhase;
			buildActionMask = 2147483647;
			files = (
				0376377C235EE0D9003EB5EA /* pkt_decoder.c in Sources */,
			);
			runOnlyForDeploymentPostprocessing = 0;
		};
		0376377D235EF0A9003EB5EA /* Sources */ = {
			isa = PBXSourcesBuildPhase;
			buildActionMask = 2147483647;
			files = (
				03763788235EFBF3003EB5EA /* pkt_decoder.c in Sources */,
				03763784235EF0A9003EB5EA /* main.c in Sources */,
			);
			runOnlyForDeploymentPostprocessing = 0;
		};
/* End PBXSourcesBuildPhase section */

/* Begin XCBuildConfiguration section */
		03763774235EE0B0003EB5EA /* Debug */ = {
			isa = XCBuildConfiguration;
			buildSettings = {
				ALWAYS_SEARCH_USER_PATHS = NO;
				CLANG_ANALYZER_NONNULL = YES;
				CLANG_ANALYZER_NUMBER_OBJECT_CONVERSION = YES_AGGRESSIVE;
				CLANG_CXX_LANGUAGE_STANDARD = "gnu++14";
				CLANG_CXX_LIBRARY = "libc++";
				CLANG_ENABLE_MODULES = YES;
				CLANG_ENABLE_OBJC_ARC = YES;
				CLANG_ENABLE_OBJC_WEAK = YES;
				CLANG_WARN_BLOCK_CAPTURE_AUTORELEASING = YES;
				CLANG_WARN_BOOL_CONVERSION = YES;
				CLANG_WARN_COMMA = YES;
				CLANG_WARN_CONSTANT_CONVERSION = YES;
				CLANG_WARN_DEPRECATED_OBJC_IMPLEMENTATIONS = YES;
				CLANG_WARN_DIRECT_OBJC_ISA_USAGE = YES_ERROR;
				CLANG_WARN_DOCUMENTATION_COMMENTS = YES;
				CLANG_WARN_EMPTY_BODY = YES;
				CLANG_WARN_ENUM_CONVERSION = YES;
				CLANG_WARN_INFINITE_RECURSION = YES;
				CLANG_WARN_INT_CONVERSION = YES;
				CLANG_WARN_NON_LITERAL_NULL_CONVERSION = YES;
				CLANG_WARN_OBJC_IMPLICIT_RETAIN_SELF = YES;
				CLANG_WARN_OBJC_LITERAL_CONVERSION = YES;
				CLANG_WARN_OBJC_ROOT_CLASS = YES_ERROR;
				CLANG_WARN_RANGE_LOOP_ANALYSIS = YES;
				CLANG_WARN_STRICT_PROTOTYPES = YES;
				CLANG_WARN_SUSPICIOUS_MOVE = YES;
				CLANG_WARN_UNGUARDED_AVAILABILITY = YES_AGGRESSIVE;
				CLANG_WARN_UNREACHABLE_CODE = YES;
				CLANG_WARN__DUPLICATE_METHOD_MATCH = YES;
				CODE_SIGN_IDENTITY = "-";
				COPY_PHASE_STRIP = NO;
				DEBUG_INFORMATION_FORMAT = dwarf;
				ENABLE_STRICT_OBJC_MSGSEND = YES;
				ENABLE_TESTABILITY = YES;
				GCC_C_LANGUAGE_STANDARD = gnu11;
				GCC_DYNAMIC_NO_PIC = NO;
				GCC_NO_COMMON_BLOCKS = YES;
				GCC_OPTIMIZATION_LEVEL = 0;
				GCC_PREPROCESSOR_DEFINITIONS = (
					"DEBUG=1",
					"$(inherited)",
				);
				GCC_WARN_64_TO_32_BIT_CONVERSION = YES;
				GCC_WARN_ABOUT_RETURN_TYPE = YES_ERROR;
				GCC_WARN_UNDECLARED_SELECTOR = YES;
				GCC_WARN_UNINITIALIZED_AUTOS = YES_AGGRESSIVE;
				GCC_WARN_UNUSED_FUNCTION = YES;
				GCC_WARN_UNUSED_VARIABLE = YES;
				MACOSX_DEPLOYMENT_TARGET = 10.13;
				MTL_ENABLE_DEBUG_INFO = YES;
				ONLY_ACTIVE_ARCH = YES;
				SDKROOT = macosx;
			};
			name = Debug;
		};
		03763775235EE0B0003EB5EA /* Release */ = {
			isa = XCBuildConfiguration;
			buildSettings = {
				ALWAYS_SEARCH_USER_PATHS = NO;
				CLANG_ANALYZER_NONNULL = YES;
				CLANG_ANALYZER_NUMBER_OBJECT_CONVERSION = YES_AGGRESSIVE;
				CLANG_CXX_LANGUAGE_STANDARD = "gnu++14";
				CLANG_CXX_LIBRARY = "libc++";
				CLANG_ENABLE_MODULES = YES;
				CLANG_ENABLE_OBJC_ARC = YES;
				CLANG_ENABLE_OBJC_WEAK = YES;
				CLANG_WARN_BLOCK_CAPTURE_AUTORELEASING = YES;
				CLANG_WARN_BOOL_CONVERSION = YES;
				CLANG_WARN_COMMA = YES;
				CLANG_WARN_CONSTANT_CONVERSION = YES;
				CLANG_WARN_DEPRECATED_OBJC_IMPLEMENTATIONS = YES;
				CLANG_WARN_DIRECT_OBJC_ISA_USAGE = YES_ERROR;
				CLANG_WARN_DOCUMENTATION_COMMENTS = YES;
				CLANG_WARN_EMPTY_BODY = YES;
				CLANG_WARN_ENUM_CONVERSION = YES;
				CLANG_WARN_INFINITE_RECURSION = YES;
				CLANG_WARN_INT_CONVERSION = YES;
				CLANG_WARN_NON_LITERAL_NULL_CONVERSION = YES;
				CLANG_WARN_OBJC_IMPLICIT_RETAIN_SELF = YES;
				CLANG_WARN_OBJC_LITERAL_CONVERSION = YES;
				CLANG_WARN_OBJC_ROOT_CLASS = YES_ERROR;
				CLANG_WARN_RANGE_LOOP_ANALYSIS = YES;
				CLANG_WARN_STRICT_PROTOTYPES = YES;
				CLANG_WARN_SUSPICIOUS_MOVE = YES;
				CLANG_WARN_UNGUARDED_AVAILABILITY = YES_AGGRESSIVE;
				CLANG_WARN_UNREACHABLE_CODE = YES;
				CLANG_WARN__DUPLICATE_METHOD_MATCH = YES;
				CODE_SIGN_IDENTITY = "-";
				COPY_PHASE_STRIP = NO;
				DEBUG_INFORMATION_FORMAT = "dwarf-with-dsym";
				ENABLE_NS_ASSERTIONS = NO;
				ENABLE_STRICT_OBJC_MSGSEND = YES;
				GCC_C_LANGUAGE_STANDARD = gnu11;
				GCC_NO_COMMON_BLOCKS = YES;
				GCC_WARN_64_TO_32_BIT_CONVERSION = YES;
				GCC_WARN_ABOUT_RETURN_TYPE = YES_ERROR;
				GCC_WARN_UNDECLARED_SELECTOR = YES;
				GCC_WARN_UNINITIALIZED_AUTOS = YES_AGGRESSIVE;
				GCC_WARN_UNUSED_FUNCTION = YES;
				GCC_WARN_UNUSED_VARIABLE = YES;
				MACOSX_DEPLOYMENT_TARGET = 10.13;
				MTL_ENABLE_DEBUG_INFO = NO;
				SDKROOT = macosx;
			};
			name = Release;
		};
		03763777235EE0B0003EB5EA /* Debug */ = {
			isa = XCBuildConfiguration;
			buildSettings = {
				CODE_SIGN_STYLE = Automatic;
				EXECUTABLE_PREFIX = lib;
				PRODUCT_NAME = "$(TARGET_NAME)";
				SKIP_INSTALL = YES;
			};
			name = Debug;
		};
		03763778235EE0B0003EB5EA /* Release */ = {
			isa = XCBuildConfiguration;
			buildSettings = {
				CODE_SIGN_STYLE = Automatic;
				EXECUTABLE_PREFIX = lib;
				PRODUCT_NAME = "$(TARGET_NAME)";
				SKIP_INSTALL = YES;
			};
			name = Release;
		};
		03763786235EF0A9003EB5EA /* Debug */ = {
			isa = XCBuildConfiguration;
			buildSettings = {
				CODE_SIGN_STYLE = Automatic;
				PRODUCT_NAME = "$(TARGET_NAME)";
			};
			name = Debug;
		};
		03763787235EF0A9003EB5EA /* Release */ = {
			isa = XCBuildConfiguration;
			buildSettings = {
				CODE_SIGN_STYLE = Automatic;
				PRODUCT_NAME = "$(TARGET_NAME)";
			};
			name = Release;
		};
/* End XCBuildConfiguration section */

/* Begin XCConfigurationList section */
		0376376D235EE0B0003EB5EA /* Build configuration list for PBXProject "pkt_decoder" */ = {
			isa = XCConfigurationList;
			buildConfigurations = (
				03763774235EE0B0003EB5EA /* Debug */,
				03763775235EE0B0003EB5EA /* Release */,
			);
			defaultConfigurationIsVisible = 0;
			defaultConfigurationName = Release;
		};
		03763776235EE0B0003EB5EA /* Build configuration list for PBXNativeTarget "pkt_decoder" */ = {
			isa = XCConfigurationList;
			buildConfigurations = (
				03763777235EE0B0003EB5EA /* Debug */,
				03763778235EE0B0003EB5EA /* Release */,
			);
			defaultConfigurationIsVisible = 0;
			defaultConfigurationName = Release;
		};
		03763785235EF0A9003EB5EA /* Build configuration list for PBXNativeTarget "test_decoder" */ = {
			isa = XCConfigurationList;
			buildConfigurations = (
				03763786235EF0A9003EB5EA /* Debug */,
				03763787235EF0A9003EB5EA /* Release */,
			);
			defaultConfigurationIsVisible = 0;
			defaultConfigurationName = Release;
		};
/* End XCConfigurationList section */
	};
	rootObject = 0376376A235EE0B0003EB5EA /* Project object */;
}
